{
  "version": 4,
  "terraform_version": "0.12.28",
  "serial": 118,
  "lineage": "c92ebc15-9498-dfc8-10d4-c9f530c2b361",
  "outputs": {},
  "resources": [
    {
      "module": "module.gke",
      "mode": "data",
      "type": "google_client_config",
      "name": "default",
      "provider": "provider.google",
      "instances": [
        {
          "schema_version": 0,
          "attributes": {
            "access_token": "ya29.c.KpYB0gd463-detksIX8rP_wYn4daWo1EeNiFa8GLTAJXitFv5oG4llKrUNBQ7bHH9Ays4L6Ms5ThrJvgAwB6SIVvE4wx3DX3ym9_lptEOqEo-9EMci1nYEICUnxdm-gw1M_OGMa0h6HSXy1mNVw-Ubfn-cDXRNWGbqesLtpeCcdJGkJaPa9CawNo6kH7ArBflU986powBWSD",
            "id": "2020-07-02 23:34:33.502158287 +0000 UTC",
            "project": "my-project-79550",
            "region": "us-east1-b",
            "zone": ""
          }
        }
      ]
    },
    {
      "module": "module.gke",
      "mode": "data",
      "type": "google_compute_subnetwork",
      "name": "gke_subnetwork",
      "each": "list",
      "provider": "provider.google",
      "instances": []
    },
    {
      "module": "module.gke",
      "mode": "data",
      "type": "google_compute_zones",
      "name": "available",
      "provider": "provider.google",
      "instances": [
        {
          "schema_version": 0,
          "attributes": {
            "id": "2020-07-02 23:34:34.420764206 +0000 UTC",
            "names": [
              "us-east1-b",
              "us-east1-c",
              "us-east1-d"
            ],
            "project": "my-project-79550",
            "region": "us-east1",
            "status": null
          }
        }
      ]
    },
    {
      "module": "module.gke",
      "mode": "data",
      "type": "google_container_engine_versions",
      "name": "region",
      "provider": "provider.google",
      "instances": [
        {
          "schema_version": 0,
          "attributes": {
            "default_cluster_version": "1.14.10-gke.36",
            "id": "2020-07-02 23:34:34.217764717 +0000 UTC",
            "latest_master_version": "1.16.10-gke.8",
            "latest_node_version": "1.16.10-gke.8",
            "location": "us-east1",
            "project": "my-project-79550",
            "region": null,
            "valid_master_versions": [
              "1.16.10-gke.8",
              "1.16.9-gke.6",
              "1.16.9-gke.2",
              "1.16.8-gke.15",
              "1.15.12-gke.6",
              "1.15.12-gke.3",
              "1.15.12-gke.2",
              "1.15.11-gke.17",
              "1.15.11-gke.15",
              "1.15.9-gke.24",
              "1.14.10-gke.45",
              "1.14.10-gke.42",
              "1.14.10-gke.41",
              "1.14.10-gke.40",
              "1.14.10-gke.37",
              "1.14.10-gke.36"
            ],
            "valid_node_versions": [
              "1.16.10-gke.8",
              "1.16.9-gke.6",
              "1.16.9-gke.2",
              "1.16.8-gke.15",
              "1.16.8-gke.12",
              "1.16.8-gke.9",
              "1.15.12-gke.6",
              "1.15.12-gke.3",
              "1.15.12-gke.2",
              "1.15.11-gke.17",
              "1.15.11-gke.15",
              "1.15.11-gke.13",
              "1.15.11-gke.12",
              "1.15.11-gke.11",
              "1.15.11-gke.9",
              "1.15.11-gke.5",
              "1.15.11-gke.3",
              "1.15.11-gke.1",
              "1.15.9-gke.26",
              "1.15.9-gke.24",
              "1.15.9-gke.22",
              "1.15.9-gke.12",
              "1.15.9-gke.9",
              "1.15.9-gke.8",
              "1.15.8-gke.3",
              "1.15.8-gke.2",
              "1.15.7-gke.23",
              "1.15.7-gke.2",
              "1.15.4-gke.22",
              "1.14.10-gke.45",
              "1.14.10-gke.42",
              "1.14.10-gke.41",
              "1.14.10-gke.40",
              "1.14.10-gke.37",
              "1.14.10-gke.36",
              "1.14.10-gke.34",
              "1.14.10-gke.32",
              "1.14.10-gke.31",
              "1.14.10-gke.27",
              "1.14.10-gke.24",
              "1.14.10-gke.22",
              "1.14.10-gke.21",
              "1.14.10-gke.17",
              "1.14.10-gke.0",
              "1.14.9-gke.23",
              "1.14.9-gke.2",
              "1.14.9-gke.0",
              "1.14.8-gke.33",
              "1.14.8-gke.21",
              "1.14.8-gke.18",
              "1.14.8-gke.17",
              "1.14.8-gke.14",
              "1.14.8-gke.12",
              "1.14.8-gke.7",
              "1.14.8-gke.2",
              "1.14.7-gke.40",
              "1.14.7-gke.25",
              "1.14.7-gke.23",
              "1.14.7-gke.17",
              "1.14.7-gke.14",
              "1.14.7-gke.10",
              "1.14.6-gke.13",
              "1.14.6-gke.2",
              "1.14.6-gke.1",
              "1.14.3-gke.11",
              "1.14.3-gke.10",
              "1.14.3-gke.9",
              "1.14.2-gke.9",
              "1.14.1-gke.5",
              "1.13.12-gke.30",
              "1.13.12-gke.25",
              "1.13.12-gke.17",
              "1.13.12-gke.16",
              "1.13.12-gke.14",
              "1.13.12-gke.13",
              "1.13.12-gke.10",
              "1.13.12-gke.8",
              "1.13.12-gke.4",
              "1.13.12-gke.2",
              "1.13.11-gke.23",
              "1.13.11-gke.15",
              "1.13.11-gke.14",
              "1.13.11-gke.12",
              "1.13.11-gke.11",
              "1.13.11-gke.9",
              "1.13.11-gke.5",
              "1.13.10-gke.7",
              "1.13.10-gke.0",
              "1.13.9-gke.11",
              "1.13.9-gke.3",
              "1.13.7-gke.24",
              "1.13.7-gke.19",
              "1.13.7-gke.15",
              "1.13.7-gke.8",
              "1.13.7-gke.0",
              "1.13.6-gke.13",
              "1.13.6-gke.6",
              "1.13.6-gke.5",
              "1.13.6-gke.0",
              "1.13.5-gke.10",
              "1.12.10-gke.22",
              "1.12.10-gke.20",
              "1.12.10-gke.19",
              "1.12.10-gke.18",
              "1.12.10-gke.17",
              "1.12.10-gke.15",
              "1.12.10-gke.13",
              "1.12.10-gke.11",
              "1.12.10-gke.5",
              "1.12.9-gke.16",
              "1.12.9-gke.15",
              "1.12.9-gke.13",
              "1.12.9-gke.10",
              "1.12.9-gke.7",
              "1.12.9-gke.3",
              "1.12.8-gke.12",
              "1.12.8-gke.10",
              "1.12.8-gke.7",
              "1.12.8-gke.6",
              "1.12.7-gke.26",
              "1.12.7-gke.25",
              "1.12.7-gke.24",
              "1.12.7-gke.22",
              "1.12.7-gke.21",
              "1.12.7-gke.17",
              "1.12.7-gke.10",
              "1.12.7-gke.7",
              "1.12.6-gke.11",
              "1.12.6-gke.10",
              "1.12.6-gke.7",
              "1.12.5-gke.10",
              "1.12.5-gke.5",
              "1.11.10-gke.6",
              "1.11.10-gke.5",
              "1.11.10-gke.4",
              "1.11.9-gke.13",
              "1.11.9-gke.8",
              "1.11.9-gke.5",
              "1.11.8-gke.10",
              "1.11.8-gke.6",
              "1.11.8-gke.5",
              "1.11.8-gke.4",
              "1.11.7-gke.18",
              "1.11.7-gke.12",
              "1.11.7-gke.6",
              "1.11.7-gke.4",
              "1.11.6-gke.16",
              "1.11.6-gke.11",
              "1.11.6-gke.6",
              "1.11.6-gke.3",
              "1.11.6-gke.2",
              "1.11.6-gke.0",
              "1.11.5-gke.5",
              "1.11.5-gke.4",
              "1.11.4-gke.13",
              "1.11.4-gke.12",
              "1.11.4-gke.8",
              "1.11.3-gke.24",
              "1.11.3-gke.23",
              "1.11.3-gke.18",
              "1.11.2-gke.26",
              "1.11.2-gke.25",
              "1.11.2-gke.20",
              "1.11.2-gke.18",
              "1.11.2-gke.15",
              "1.11.2-gke.9",
              "1.10.12-gke.14",
              "1.10.12-gke.9",
              "1.10.12-gke.7",
              "1.10.12-gke.1",
              "1.10.12-gke.0",
              "1.10.11-gke.1",
              "1.10.9-gke.7",
              "1.10.9-gke.5",
              "1.10.9-gke.3",
              "1.10.9-gke.0",
              "1.10.7-gke.13",
              "1.10.7-gke.11",
              "1.10.7-gke.9",
              "1.10.7-gke.6",
              "1.10.7-gke.2",
              "1.10.7-gke.1",
              "1.10.6-gke.13",
              "1.10.6-gke.11",
              "1.10.6-gke.9",
              "1.10.6-gke.6",
              "1.10.6-gke.4",
              "1.10.6-gke.3",
              "1.10.6-gke.2",
              "1.10.6-gke.1",
              "1.10.5-gke.4",
              "1.10.5-gke.3",
              "1.10.5-gke.2",
              "1.10.5-gke.0",
              "1.10.4-gke.3",
              "1.10.4-gke.2",
              "1.10.4-gke.0",
              "1.10.2-gke.4",
              "1.10.2-gke.3",
              "1.10.2-gke.1",
              "1.9.7-gke.11",
              "1.9.7-gke.7",
              "1.9.7-gke.6",
              "1.9.7-gke.5",
              "1.9.7-gke.4",
              "1.9.7-gke.3",
              "1.9.7-gke.1",
              "1.9.7-gke.0",
              "1.9.6-gke.2",
              "1.9.6-gke.1",
              "1.9.3-gke.0",
              "1.8.12-gke.3",
              "1.8.12-gke.2",
              "1.8.12-gke.1",
              "1.8.12-gke.0",
              "1.8.10-gke.2",
              "1.8.10-gke.0",
              "1.8.9-gke.1",
              "1.8.8-gke.0",
              "1.7.15-gke.0",
              "1.7.12-gke.2",
              "1.6.13-gke.1"
            ],
            "version_prefix": null,
            "zone": null
          }
        }
      ]
    },
    {
      "module": "module.gke",
      "mode": "data",
      "type": "google_container_engine_versions",
      "name": "zone",
      "provider": "provider.google",
      "instances": [
        {
          "schema_version": 0,
          "attributes": {
            "default_cluster_version": "1.14.10-gke.36",
            "id": "2020-07-02 23:34:34.832601747 +0000 UTC",
            "latest_master_version": "1.16.9-gke.6",
            "latest_node_version": "1.16.9-gke.6",
            "location": "us-east1-b",
            "project": "my-project-79550",
            "region": null,
            "valid_master_versions": [
              "1.16.9-gke.6",
              "1.16.9-gke.2",
              "1.16.8-gke.15",
              "1.15.12-gke.3",
              "1.15.12-gke.2",
              "1.15.11-gke.17",
              "1.15.11-gke.15",
              "1.15.9-gke.24",
              "1.14.10-gke.42",
              "1.14.10-gke.41",
              "1.14.10-gke.40",
              "1.14.10-gke.37",
              "1.14.10-gke.36"
            ],
            "valid_node_versions": [
              "1.16.9-gke.6",
              "1.16.9-gke.2",
              "1.16.8-gke.15",
              "1.16.8-gke.12",
              "1.16.8-gke.9",
              "1.15.12-gke.3",
              "1.15.12-gke.2",
              "1.15.11-gke.17",
              "1.15.11-gke.15",
              "1.15.11-gke.13",
              "1.15.11-gke.12",
              "1.15.11-gke.11",
              "1.15.11-gke.9",
              "1.15.11-gke.5",
              "1.15.11-gke.3",
              "1.15.11-gke.1",
              "1.15.9-gke.26",
              "1.15.9-gke.24",
              "1.15.9-gke.22",
              "1.15.9-gke.12",
              "1.15.9-gke.9",
              "1.15.9-gke.8",
              "1.15.8-gke.3",
              "1.15.8-gke.2",
              "1.15.7-gke.23",
              "1.15.7-gke.2",
              "1.15.4-gke.22",
              "1.14.10-gke.42",
              "1.14.10-gke.41",
              "1.14.10-gke.40",
              "1.14.10-gke.37",
              "1.14.10-gke.36",
              "1.14.10-gke.34",
              "1.14.10-gke.32",
              "1.14.10-gke.31",
              "1.14.10-gke.27",
              "1.14.10-gke.24",
              "1.14.10-gke.22",
              "1.14.10-gke.21",
              "1.14.10-gke.17",
              "1.14.10-gke.0",
              "1.14.9-gke.23",
              "1.14.9-gke.2",
              "1.14.9-gke.0",
              "1.14.8-gke.33",
              "1.14.8-gke.21",
              "1.14.8-gke.18",
              "1.14.8-gke.17",
              "1.14.8-gke.14",
              "1.14.8-gke.12",
              "1.14.8-gke.7",
              "1.14.8-gke.2",
              "1.14.7-gke.40",
              "1.14.7-gke.25",
              "1.14.7-gke.23",
              "1.14.7-gke.17",
              "1.14.7-gke.14",
              "1.14.7-gke.10",
              "1.14.6-gke.13",
              "1.14.6-gke.2",
              "1.14.6-gke.1",
              "1.14.3-gke.11",
              "1.14.3-gke.10",
              "1.14.3-gke.9",
              "1.14.2-gke.9",
              "1.14.1-gke.5",
              "1.13.12-gke.30",
              "1.13.12-gke.25",
              "1.13.12-gke.17",
              "1.13.12-gke.16",
              "1.13.12-gke.14",
              "1.13.12-gke.13",
              "1.13.12-gke.10",
              "1.13.12-gke.8",
              "1.13.12-gke.4",
              "1.13.12-gke.2",
              "1.13.11-gke.23",
              "1.13.11-gke.15",
              "1.13.11-gke.14",
              "1.13.11-gke.12",
              "1.13.11-gke.11",
              "1.13.11-gke.9",
              "1.13.11-gke.5",
              "1.13.10-gke.7",
              "1.13.10-gke.0",
              "1.13.9-gke.11",
              "1.13.9-gke.3",
              "1.13.7-gke.24",
              "1.13.7-gke.19",
              "1.13.7-gke.15",
              "1.13.7-gke.8",
              "1.13.7-gke.0",
              "1.13.6-gke.13",
              "1.13.6-gke.6",
              "1.13.6-gke.5",
              "1.13.6-gke.0",
              "1.13.5-gke.10",
              "1.12.10-gke.22",
              "1.12.10-gke.20",
              "1.12.10-gke.19",
              "1.12.10-gke.18",
              "1.12.10-gke.17",
              "1.12.10-gke.15",
              "1.12.10-gke.13",
              "1.12.10-gke.11",
              "1.12.10-gke.5",
              "1.12.9-gke.16",
              "1.12.9-gke.15",
              "1.12.9-gke.13",
              "1.12.9-gke.10",
              "1.12.9-gke.7",
              "1.12.9-gke.3",
              "1.12.8-gke.12",
              "1.12.8-gke.10",
              "1.12.8-gke.7",
              "1.12.8-gke.6",
              "1.12.7-gke.26",
              "1.12.7-gke.25",
              "1.12.7-gke.24",
              "1.12.7-gke.22",
              "1.12.7-gke.21",
              "1.12.7-gke.17",
              "1.12.7-gke.10",
              "1.12.7-gke.7",
              "1.12.6-gke.11",
              "1.12.6-gke.10",
              "1.12.6-gke.7",
              "1.12.5-gke.10",
              "1.12.5-gke.5",
              "1.11.10-gke.6",
              "1.11.10-gke.5",
              "1.11.10-gke.4",
              "1.11.9-gke.13",
              "1.11.9-gke.8",
              "1.11.9-gke.5",
              "1.11.8-gke.10",
              "1.11.8-gke.6",
              "1.11.8-gke.5",
              "1.11.8-gke.4",
              "1.11.7-gke.18",
              "1.11.7-gke.12",
              "1.11.7-gke.6",
              "1.11.7-gke.4",
              "1.11.6-gke.16",
              "1.11.6-gke.11",
              "1.11.6-gke.6",
              "1.11.6-gke.3",
              "1.11.6-gke.2",
              "1.11.6-gke.0",
              "1.11.5-gke.5",
              "1.11.5-gke.4",
              "1.11.4-gke.13",
              "1.11.4-gke.12",
              "1.11.4-gke.8",
              "1.11.3-gke.24",
              "1.11.3-gke.23",
              "1.11.3-gke.18",
              "1.11.2-gke.26",
              "1.11.2-gke.25",
              "1.11.2-gke.20",
              "1.11.2-gke.18",
              "1.11.2-gke.15",
              "1.11.2-gke.9",
              "1.10.12-gke.14",
              "1.10.12-gke.9",
              "1.10.12-gke.7",
              "1.10.12-gke.1",
              "1.10.12-gke.0",
              "1.10.11-gke.1",
              "1.10.9-gke.7",
              "1.10.9-gke.5",
              "1.10.9-gke.3",
              "1.10.9-gke.0",
              "1.10.7-gke.13",
              "1.10.7-gke.11",
              "1.10.7-gke.9",
              "1.10.7-gke.6",
              "1.10.7-gke.2",
              "1.10.7-gke.1",
              "1.10.6-gke.13",
              "1.10.6-gke.11",
              "1.10.6-gke.9",
              "1.10.6-gke.6",
              "1.10.6-gke.4",
              "1.10.6-gke.3",
              "1.10.6-gke.2",
              "1.10.6-gke.1",
              "1.10.5-gke.4",
              "1.10.5-gke.3",
              "1.10.5-gke.2",
              "1.10.5-gke.0",
              "1.10.4-gke.3",
              "1.10.4-gke.2",
              "1.10.4-gke.0",
              "1.10.2-gke.4",
              "1.10.2-gke.3",
              "1.10.2-gke.1",
              "1.9.7-gke.11",
              "1.9.7-gke.7",
              "1.9.7-gke.6",
              "1.9.7-gke.5",
              "1.9.7-gke.4",
              "1.9.7-gke.3",
              "1.9.7-gke.1",
              "1.9.7-gke.0",
              "1.9.6-gke.2",
              "1.9.6-gke.1",
              "1.9.3-gke.0",
              "1.8.12-gke.3",
              "1.8.12-gke.2",
              "1.8.12-gke.1",
              "1.8.12-gke.0",
              "1.8.10-gke.2",
              "1.8.10-gke.0",
              "1.8.9-gke.1",
              "1.8.8-gke.0",
              "1.7.15-gke.0",
              "1.7.12-gke.2",
              "1.6.13-gke.1"
            ],
            "version_prefix": null,
            "zone": null
          }
        }
      ]
    },
    {
      "module": "module.gke",
      "mode": "managed",
      "type": "google_compute_firewall",
      "name": "intra_egress",
      "each": "list",
      "provider": "provider.google",
      "instances": []
    },
    {
      "module": "module.gke",
      "mode": "managed",
      "type": "google_compute_firewall",
      "name": "master_webhooks",
      "each": "list",
      "provider": "provider.google",
      "instances": []
    },
    {
      "module": "module.gke",
      "mode": "managed",
      "type": "google_container_cluster",
      "name": "primary",
      "provider": "provider.google",
      "instances": [
        {
          "schema_version": 1,
          "attributes": {
            "additional_zones": [],
            "addons_config": [
              {
                "cloudrun_config": [],
                "horizontal_pod_autoscaling": [
                  {
                    "disabled": false
                  }
                ],
                "http_load_balancing": [
                  {
                    "disabled": true
                  }
                ],
                "kubernetes_dashboard": [],
                "network_policy_config": [
                  {
                    "disabled": true
                  }
                ]
              }
            ],
            "authenticator_groups_config": [],
            "cluster_autoscaling": [
              {
                "auto_provisioning_defaults": [],
                "enabled": false,
                "resource_limits": []
              }
            ],
            "cluster_ipv4_cidr": "10.60.0.0/14",
            "default_max_pods_per_node": 110,
            "description": "",
            "enable_binary_authorization": false,
            "enable_intranode_visibility": null,
            "enable_kubernetes_alpha": false,
            "enable_legacy_abac": false,
            "enable_shielded_nodes": false,
            "enable_tpu": null,
            "endpoint": "35.237.123.114",
            "id": "projects/my-project-79550/locations/us-east1/clusters/gke-test-1",
            "initial_node_count": 0,
            "instance_group_urls": [
              "https://www.googleapis.com/compute/v1/projects/my-project-79550/zones/us-east1-b/instanceGroups/gke-gke-test-1-default-pool-82d42f85-grp",
              "https://www.googleapis.com/compute/v1/projects/my-project-79550/zones/us-east1-b/instanceGroups/gke-gke-test-1-default-node-pool-7877f5cf-grp"
            ],
            "ip_allocation_policy": [
              {
                "cluster_ipv4_cidr_block": "10.60.0.0/14",
                "cluster_secondary_range_name": "gke-gke-test-1-pods-58c53c12",
                "node_ipv4_cidr_block": "",
                "services_ipv4_cidr_block": "10.0.0.0/20",
                "services_secondary_range_name": "gke-gke-test-1-services-58c53c12",
                "subnetwork_name": ""
              }
            ],
            "label_fingerprint": "a9dc16a7",
            "location": "us-east1",
            "logging_service": "logging.googleapis.com/kubernetes",
            "maintenance_policy": [
              {
                "daily_maintenance_window": [
                  {
                    "duration": "PT4H0M0S",
                    "start_time": "05:00"
                  }
                ],
                "recurring_window": []
              }
            ],
            "master_auth": [
              {
                "client_certificate": "",
                "client_certificate_config": [
                  {
                    "issue_client_certificate": false
                  }
                ],
                "client_key": "",
                "cluster_ca_certificate": "LS0tLS1CRUdJTiBDRVJUSUZJQ0FURS0tLS0tCk1JSURERENDQWZTZ0F3SUJBZ0lSQUwrdHVVcXpFWWV0UTFEZ0VidTdsc1F3RFFZSktvWklodmNOQVFFTEJRQXcKTHpFdE1Dc0dBMVVFQXhNa1lUa3dNekF5TVdVdE16VmtOeTAwTVdSakxXRXhNVEF0WWpreE9UUTFZbU5pWXpJMApNQjRYRFRJd01EY3dNakl4TURBMU1sb1hEVEkxTURjd01USXlNREExTWxvd0x6RXRNQ3NHQTFVRUF4TWtZVGt3Ck16QXlNV1V0TXpWa055MDBNV1JqTFdFeE1UQXRZamt4T1RRMVltTmlZekkwTUlJQklqQU5CZ2txaGtpRzl3MEIKQVFFRkFBT0NBUThBTUlJQkNnS0NBUUVBdnhJVlhhbnk2T0xNQVJ2S2JIaEZ2UXZjakdJQmpiTkc5Q2lzQTc4MwpGT1hodGtmLzdnN2hZK1haZ0RhMkE1QU1Xa3pkQWV1RjV6ZDVFS1FzVUV3ZUFDNHRlVTV3MldjRWM5VHd3d0hjCmlWWndlRUJSYnFWcHBlemI2ZDRhQ2VaUzQ1Zi9aOG1YazhBckwreE1FdWdHckdHZlFla0xJem5QWk5IaVhrRTgKRk1YS0kxUEhkOVFOeUEvZUcra3RnNEZMeTU0bHJ0MlFQQVRtVzhPb1FHMjZPNVdKSUtDODV5WENpM1dZcHR4KwpaVmtZQUF4bWxrMjdZOHl0RnVXZzFnRCtQMUFjVVBGdDFzS0l0MUFEUkNlek85dzFobVFlQm1wVVFyUVNBM3d5Cm5wcWZ4ZnNLWFVBczFwRVEySFo1TmpZM0p2eU92eGF2eDJ3eWd2Ni9oREhtblFJREFRQUJveU13SVRBT0JnTlYKSFE4QkFmOEVCQU1DQWdRd0R3WURWUjBUQVFIL0JBVXdBd0VCL3pBTkJna3Foa2lHOXcwQkFRc0ZBQU9DQVFFQQpDNzB0N2lxS0VoV0NTVGdkNnZvK2h4UlR4OFJIVWJWa3pzaUdRWU50QVh5TEN4Y2JBWENVMnF0YlZYdENjNGRICm1GTW9yTjNxbUVjY0xCdVNpVXRXRHUyMkdFTDcyVEt5Njc3Z0RWcThGZGpKMHVUY3Nsb05DNVJ4WnBGempDMEQKN0NmdFRKK2hiREViVE1Jb1ZLWDVkNXA3a0NRbTZIWTJKNGlVSU82cnN1Sm5NcXF2NlJ2S3JDUXg2dVczQ0tVbwpJSXhGUGFWcmZ0bG1YZmY0dFpNaWs5U0R5WW1HNFVNcVIrV1R4UkVTbkYvczBkMTk1Q1l4V0xGVlVMZnJpMFJJCkk2UU13RWNrc2l5c3VBa2plRE1nSVZzN3dFTUc0cTYzZ3JFZTFKZ0FQYzl0S25EZlVpVFoyZTJ2YzlEckJLbSsKSVVpSmt0N0RjcHFVWHEyWEVPWTNXQT09Ci0tLS0tRU5EIENFUlRJRklDQVRFLS0tLS0K",
                "password": "",
                "username": ""
              }
            ],
            "master_authorized_networks_config": [],
            "master_version": "1.16.10-gke.8",
            "min_master_version": "1.16.10-gke.8",
            "monitoring_service": "monitoring.googleapis.com/kubernetes",
            "name": "gke-test-1",
            "network": "projects/my-project-79550/global/networks/default",
            "network_policy": [
              {
                "enabled": false,
                "provider": ""
              }
            ],
            "node_config": [
              {
                "disk_size_gb": 100,
                "disk_type": "pd-standard",
                "guest_accelerator": [],
                "image_type": "COS",
                "labels": {},
                "local_ssd_count": 0,
                "machine_type": "n1-standard-1",
                "metadata": {
                  "disable-legacy-endpoints": "true"
                },
                "min_cpu_platform": "",
                "oauth_scopes": [
                  "https://www.googleapis.com/auth/logging.write",
                  "https://www.googleapis.com/auth/monitoring"
                ],
                "preemptible": false,
                "sandbox_config": [],
                "service_account": "tf-gke-gke-test-1-3xvl@my-project-79550.iam.gserviceaccount.com",
                "shielded_instance_config": [
                  {
                    "enable_integrity_monitoring": true,
                    "enable_secure_boot": false
                  }
                ],
                "tags": [],
                "taint": [],
                "workload_metadata_config": []
              }
            ],
            "node_locations": [
              "us-east1-b"
            ],
            "node_pool": [
              {
                "autoscaling": [],
                "initial_node_count": 0,
                "instance_group_urls": [
                  "https://www.googleapis.com/compute/v1/projects/my-project-79550/zones/us-east1-b/instanceGroupManagers/gke-gke-test-1-default-pool-82d42f85-grp"
                ],
                "management": [
                  {
                    "auto_repair": true,
                    "auto_upgrade": true
                  }
                ],
                "max_pods_per_node": 110,
                "name": "default-pool",
                "name_prefix": "",
                "node_config": [
                  {
                    "disk_size_gb": 100,
                    "disk_type": "pd-standard",
                    "guest_accelerator": [],
                    "image_type": "COS",
                    "labels": {},
                    "local_ssd_count": 0,
                    "machine_type": "n1-standard-1",
                    "metadata": {
                      "disable-legacy-endpoints": "true"
                    },
                    "min_cpu_platform": "",
                    "oauth_scopes": [
                      "https://www.googleapis.com/auth/logging.write",
                      "https://www.googleapis.com/auth/monitoring"
                    ],
                    "preemptible": false,
                    "sandbox_config": [],
                    "service_account": "tf-gke-gke-test-1-3xvl@my-project-79550.iam.gserviceaccount.com",
                    "shielded_instance_config": [
                      {
                        "enable_integrity_monitoring": true,
                        "enable_secure_boot": false
                      }
                    ],
                    "tags": [],
                    "taint": [],
                    "workload_metadata_config": []
                  }
                ],
                "node_count": 0,
                "node_locations": [
                  "us-east1-b"
                ],
                "upgrade_settings": [
                  {
                    "max_surge": 1,
                    "max_unavailable": 0
                  }
                ],
                "version": "1.16.10-gke.8"
              },
              {
                "autoscaling": [
                  {
                    "max_node_count": 2,
                    "min_node_count": 1
                  }
                ],
                "initial_node_count": 1,
                "instance_group_urls": [
                  "https://www.googleapis.com/compute/v1/projects/my-project-79550/zones/us-east1-b/instanceGroupManagers/gke-gke-test-1-default-node-pool-7877f5cf-grp"
                ],
                "management": [
                  {
                    "auto_repair": true,
                    "auto_upgrade": true
                  }
                ],
                "max_pods_per_node": 110,
                "name": "default-node-pool",
                "name_prefix": "",
                "node_config": [
                  {
                    "disk_size_gb": 10,
                    "disk_type": "pd-standard",
                    "guest_accelerator": [],
                    "image_type": "COS",
                    "labels": {
                      "cluster_name": "gke-test-1",
                      "default-node-pool": "true",
                      "node_pool": "default-node-pool"
                    },
                    "local_ssd_count": 0,
                    "machine_type": "n1-standard-2",
                    "metadata": {
                      "cluster_name": "gke-test-1",
                      "disable-legacy-endpoints": "true",
                      "node-pool-metadata-custom-value": "my-node-pool",
                      "node_pool": "default-node-pool"
                    },
                    "min_cpu_platform": "",
                    "oauth_scopes": [
                      "https://www.googleapis.com/auth/cloud-platform"
                    ],
                    "preemptible": false,
                    "sandbox_config": [],
                    "service_account": "tf-gke-gke-test-1-3xvl@my-project-79550.iam.gserviceaccount.com",
                    "shielded_instance_config": [
                      {
                        "enable_integrity_monitoring": true,
                        "enable_secure_boot": false
                      }
                    ],
                    "tags": [
                      "gke-gke-test-1",
                      "gke-gke-test-1-default-node-pool",
                      "default-node-pool"
                    ],
                    "taint": [],
                    "workload_metadata_config": []
                  }
                ],
                "node_count": 1,
                "node_locations": [
                  "us-east1-b"
                ],
                "upgrade_settings": [
                  {
                    "max_surge": 1,
                    "max_unavailable": 0
                  }
                ],
                "version": "1.16.10-gke.8"
              }
            ],
            "node_version": "1.16.10-gke.8",
            "operation": null,
            "pod_security_policy_config": [],
            "private_cluster_config": [],
            "project": "my-project-79550",
            "region": null,
            "remove_default_node_pool": false,
            "resource_labels": {},
            "resource_usage_export_config": [],
            "services_ipv4_cidr": "10.0.0.0/20",
            "subnetwork": "projects/my-project-79550/regions/us-east1/subnetworks/default",
            "timeouts": {
              "create": "45m",
              "delete": "45m",
              "read": null,
              "update": "45m"
            },
            "vertical_pod_autoscaling": [],
            "workload_identity_config": [],
            "zone": null
          },
          "private": "eyJlMmJmYjczMC1lY2FhLTExZTYtOGY4OC0zNDM2M2JjN2M0YzAiOnsiY3JlYXRlIjoyNzAwMDAwMDAwMDAwLCJkZWxldGUiOjI3MDAwMDAwMDAwMDAsInJlYWQiOjI0MDAwMDAwMDAwMDAsInVwZGF0ZSI6MjcwMDAwMDAwMDAwMH0sInNjaGVtYV92ZXJzaW9uIjoiMSJ9",
          "dependencies": [
            "module.gke.google_service_account.cluster_service_account",
            "module.gke.random_shuffle.available_zones",
            "module.gke.random_string.cluster_service_account_suffix"
          ]
        }
      ]
    },
    {
      "module": "module.gke",
      "mode": "managed",
      "type": "google_container_node_pool",
      "name": "pools",
      "each": "map",
      "provider": "provider.google",
      "instances": [
        {
          "index_key": "default-node-pool",
          "schema_version": 1,
          "attributes": {
            "autoscaling": [
              {
                "max_node_count": 2,
                "min_node_count": 1
              }
            ],
            "cluster": "gke-test-1",
            "id": "projects/my-project-79550/locations/us-east1/clusters/gke-test-1/nodePools/default-node-pool",
            "initial_node_count": 1,
            "instance_group_urls": [
              "https://www.googleapis.com/compute/v1/projects/my-project-79550/zones/us-east1-b/instanceGroupManagers/gke-gke-test-1-default-node-pool-7877f5cf-grp"
            ],
            "location": "us-east1",
            "management": [
              {
                "auto_repair": true,
                "auto_upgrade": true
              }
            ],
            "max_pods_per_node": 110,
            "name": "default-node-pool",
            "name_prefix": "",
            "node_config": [
              {
                "disk_size_gb": 10,
                "disk_type": "pd-standard",
                "guest_accelerator": [],
                "image_type": "COS",
                "labels": {
                  "cluster_name": "gke-test-1",
                  "default-node-pool": "true",
                  "node_pool": "default-node-pool"
                },
                "local_ssd_count": 0,
                "machine_type": "n1-standard-2",
                "metadata": {
                  "cluster_name": "gke-test-1",
                  "disable-legacy-endpoints": "true",
                  "node-pool-metadata-custom-value": "my-node-pool",
                  "node_pool": "default-node-pool"
                },
                "min_cpu_platform": "",
                "oauth_scopes": [
                  "https://www.googleapis.com/auth/cloud-platform"
                ],
                "preemptible": false,
                "sandbox_config": [],
                "service_account": "tf-gke-gke-test-1-3xvl@my-project-79550.iam.gserviceaccount.com",
                "shielded_instance_config": [
                  {
                    "enable_integrity_monitoring": true,
                    "enable_secure_boot": false
                  }
                ],
                "tags": [
                  "gke-gke-test-1",
                  "gke-gke-test-1-default-node-pool",
                  "default-node-pool"
                ],
                "taint": [],
                "workload_metadata_config": []
              }
            ],
            "node_count": 1,
            "node_locations": [
              "us-east1-b"
            ],
            "project": "my-project-79550",
            "region": null,
            "timeouts": {
              "create": "45m",
              "delete": "45m",
              "update": "45m"
            },
            "upgrade_settings": [
              {
                "max_surge": 1,
                "max_unavailable": 0
              }
            ],
            "version": "1.16.10-gke.8",
            "zone": null
          },
          "private": "eyJlMmJmYjczMC1lY2FhLTExZTYtOGY4OC0zNDM2M2JjN2M0YzAiOnsiY3JlYXRlIjoyNzAwMDAwMDAwMDAwLCJkZWxldGUiOjI3MDAwMDAwMDAwMDAsInVwZGF0ZSI6MjcwMDAwMDAwMDAwMH0sInNjaGVtYV92ZXJzaW9uIjoiMSJ9",
          "dependencies": [
            "module.gke.google_container_cluster.primary",
            "module.gke.google_service_account.cluster_service_account",
            "module.gke.random_shuffle.available_zones",
            "module.gke.random_string.cluster_service_account_suffix"
          ]
        }
      ]
    },
    {
      "module": "module.gke",
      "mode": "managed",
      "type": "google_project_iam_member",
      "name": "cluster_service_account-gcr",
      "each": "list",
      "provider": "provider.google",
      "instances": []
    },
    {
      "module": "module.gke",
      "mode": "managed",
      "type": "google_project_iam_member",
      "name": "cluster_service_account-log_writer",
      "each": "list",
      "provider": "provider.google",
      "instances": [
        {
          "index_key": 0,
          "schema_version": 0,
          "attributes": {
            "etag": "BwWpfI08oRA=",
            "id": "my-project-79550/roles/logging.logWriter/serviceaccount:tf-gke-gke-test-1-3xvl@my-project-79550.iam.gserviceaccount.com",
            "member": "serviceAccount:tf-gke-gke-test-1-3xvl@my-project-79550.iam.gserviceaccount.com",
            "project": "my-project-79550",
            "role": "roles/logging.logWriter"
          },
          "private": "bnVsbA==",
          "dependencies": [
            "module.gke.google_service_account.cluster_service_account",
            "module.gke.random_string.cluster_service_account_suffix"
          ]
        }
      ]
    },
    {
      "module": "module.gke",
      "mode": "managed",
      "type": "google_project_iam_member",
      "name": "cluster_service_account-metric_writer",
      "each": "list",
      "provider": "provider.google",
      "instances": [
        {
          "index_key": 0,
          "schema_version": 0,
          "attributes": {
            "etag": "BwWpfI08oRA=",
            "id": "my-project-79550/roles/monitoring.metricWriter/serviceaccount:tf-gke-gke-test-1-3xvl@my-project-79550.iam.gserviceaccount.com",
            "member": "serviceAccount:tf-gke-gke-test-1-3xvl@my-project-79550.iam.gserviceaccount.com",
            "project": "my-project-79550",
            "role": "roles/monitoring.metricWriter"
          },
          "private": "bnVsbA==",
          "dependencies": [
            "module.gke.google_project_iam_member.cluster_service_account-log_writer",
            "module.gke.google_service_account.cluster_service_account",
            "module.gke.random_string.cluster_service_account_suffix"
          ]
        }
      ]
    },
    {
      "module": "module.gke",
      "mode": "managed",
      "type": "google_project_iam_member",
      "name": "cluster_service_account-monitoring_viewer",
      "each": "list",
      "provider": "provider.google",
      "instances": [
        {
          "index_key": 0,
          "schema_version": 0,
          "attributes": {
            "etag": "BwWpfI08oRA=",
            "id": "my-project-79550/roles/monitoring.viewer/serviceaccount:tf-gke-gke-test-1-3xvl@my-project-79550.iam.gserviceaccount.com",
            "member": "serviceAccount:tf-gke-gke-test-1-3xvl@my-project-79550.iam.gserviceaccount.com",
            "project": "my-project-79550",
            "role": "roles/monitoring.viewer"
          },
          "private": "bnVsbA==",
          "dependencies": [
            "module.gke.google_project_iam_member.cluster_service_account-log_writer",
            "module.gke.google_project_iam_member.cluster_service_account-metric_writer",
            "module.gke.google_service_account.cluster_service_account",
            "module.gke.random_string.cluster_service_account_suffix"
          ]
        }
      ]
    },
    {
      "module": "module.gke",
      "mode": "managed",
      "type": "google_project_iam_member",
      "name": "cluster_service_account-resourceMetadata-writer",
      "each": "list",
      "provider": "provider.google",
      "instances": [
        {
          "index_key": 0,
          "schema_version": 0,
          "attributes": {
            "etag": "BwWpfI08oRA=",
            "id": "my-project-79550/roles/stackdriver.resourceMetadata.writer/serviceaccount:tf-gke-gke-test-1-3xvl@my-project-79550.iam.gserviceaccount.com",
            "member": "serviceAccount:tf-gke-gke-test-1-3xvl@my-project-79550.iam.gserviceaccount.com",
            "project": "my-project-79550",
            "role": "roles/stackdriver.resourceMetadata.writer"
          },
          "private": "bnVsbA==",
          "dependencies": [
            "module.gke.google_project_iam_member.cluster_service_account-log_writer",
            "module.gke.google_project_iam_member.cluster_service_account-metric_writer",
            "module.gke.google_project_iam_member.cluster_service_account-monitoring_viewer",
            "module.gke.google_service_account.cluster_service_account",
            "module.gke.random_string.cluster_service_account_suffix"
          ]
        }
      ]
    },
    {
      "module": "module.gke",
      "mode": "managed",
      "type": "google_service_account",
      "name": "cluster_service_account",
      "each": "list",
      "provider": "provider.google",
      "instances": [
        {
          "index_key": 0,
          "schema_version": 0,
          "attributes": {
            "account_id": "tf-gke-gke-test-1-3xvl",
            "description": "",
            "display_name": "Terraform-managed service account for cluster gke-test-1",
            "email": "tf-gke-gke-test-1-3xvl@my-project-79550.iam.gserviceaccount.com",
            "id": "projects/my-project-79550/serviceAccounts/tf-gke-gke-test-1-3xvl@my-project-79550.iam.gserviceaccount.com",
            "name": "projects/my-project-79550/serviceAccounts/tf-gke-gke-test-1-3xvl@my-project-79550.iam.gserviceaccount.com",
            "project": "my-project-79550",
            "timeouts": null,
            "unique_id": "116941414506372062307"
          },
          "private": "eyJlMmJmYjczMC1lY2FhLTExZTYtOGY4OC0zNDM2M2JjN2M0YzAiOnsiY3JlYXRlIjozMDAwMDAwMDAwMDB9fQ==",
          "dependencies": [
            "module.gke.random_string.cluster_service_account_suffix"
          ]
        }
      ]
    },
    {
      "module": "module.gke",
      "mode": "managed",
      "type": "kubernetes_config_map",
      "name": "ip-masq-agent",
      "each": "list",
      "provider": "module.gke.provider.kubernetes",
      "instances": []
    },
    {
      "module": "module.gke",
      "mode": "managed",
      "type": "kubernetes_config_map",
      "name": "kube-dns",
      "each": "list",
      "provider": "module.gke.provider.kubernetes",
      "instances": []
    },
    {
      "module": "module.gke",
      "mode": "managed",
      "type": "kubernetes_config_map",
      "name": "kube-dns-upstream-nameservers-and-stub-domains",
      "each": "list",
      "provider": "module.gke.provider.kubernetes",
      "instances": []
    },
    {
      "module": "module.gke",
      "mode": "managed",
      "type": "kubernetes_config_map",
      "name": "kube-dns-upstream-namservers",
      "each": "list",
      "provider": "module.gke.provider.kubernetes",
      "instances": []
    },
    {
      "module": "module.gke.module.gcloud_wait_for_cluster",
      "mode": "managed",
      "type": "null_resource",
      "name": "additional_components",
      "each": "list",
      "provider": "provider.null",
      "instances": []
    },
    {
      "module": "module.gke.module.gcloud_delete_default_kube_dns_configmap",
      "mode": "managed",
      "type": "null_resource",
      "name": "additional_components",
      "each": "list",
      "provider": "provider.null",
      "instances": []
    },
    {
      "module": "module.gke.module.gcloud_wait_for_cluster",
      "mode": "managed",
      "type": "null_resource",
      "name": "additional_components_destroy",
      "each": "list",
      "provider": "provider.null",
      "instances": []
    },
    {
      "module": "module.gke.module.gcloud_delete_default_kube_dns_configmap",
      "mode": "managed",
      "type": "null_resource",
      "name": "additional_components_destroy",
      "each": "list",
      "provider": "provider.null",
      "instances": []
    },
    {
      "module": "module.gke.module.gcloud_wait_for_cluster",
      "mode": "managed",
      "type": "null_resource",
      "name": "decompress",
      "each": "list",
      "provider": "provider.null",
      "instances": []
    },
    {
      "module": "module.gke.module.gcloud_delete_default_kube_dns_configmap",
      "mode": "managed",
      "type": "null_resource",
      "name": "decompress",
      "each": "list",
      "provider": "provider.null",
      "instances": []
    },
    {
      "module": "module.gke.module.gcloud_wait_for_cluster",
      "mode": "managed",
      "type": "null_resource",
      "name": "decompress_destroy",
      "each": "list",
      "provider": "provider.null",
      "instances": []
    },
    {
      "module": "module.gke.module.gcloud_delete_default_kube_dns_configmap",
      "mode": "managed",
      "type": "null_resource",
      "name": "decompress_destroy",
      "each": "list",
      "provider": "provider.null",
      "instances": []
    },
    {
      "module": "module.gke.module.gcloud_wait_for_cluster",
      "mode": "managed",
      "type": "null_resource",
      "name": "download_gcloud",
      "each": "list",
      "provider": "provider.null",
      "instances": []
    },
    {
      "module": "module.gke.module.gcloud_delete_default_kube_dns_configmap",
      "mode": "managed",
      "type": "null_resource",
      "name": "download_gcloud",
      "each": "list",
      "provider": "provider.null",
      "instances": []
    },
    {
      "module": "module.gke.module.gcloud_wait_for_cluster",
      "mode": "managed",
      "type": "null_resource",
      "name": "download_jq",
      "each": "list",
      "provider": "provider.null",
      "instances": []
    },
    {
      "module": "module.gke.module.gcloud_delete_default_kube_dns_configmap",
      "mode": "managed",
      "type": "null_resource",
      "name": "download_jq",
      "each": "list",
      "provider": "provider.null",
      "instances": []
    },
    {
      "module": "module.gke.module.gcloud_wait_for_cluster",
      "mode": "managed",
      "type": "null_resource",
      "name": "gcloud_auth_google_credentials",
      "each": "list",
      "provider": "provider.null",
      "instances": []
    },
    {
      "module": "module.gke.module.gcloud_delete_default_kube_dns_configmap",
      "mode": "managed",
      "type": "null_resource",
      "name": "gcloud_auth_google_credentials",
      "each": "list",
      "provider": "provider.null",
      "instances": []
    },
    {
      "module": "module.gke.module.gcloud_wait_for_cluster",
      "mode": "managed",
      "type": "null_resource",
      "name": "gcloud_auth_google_credentials_destroy",
      "each": "list",
      "provider": "provider.null",
      "instances": []
    },
    {
      "module": "module.gke.module.gcloud_delete_default_kube_dns_configmap",
      "mode": "managed",
      "type": "null_resource",
      "name": "gcloud_auth_google_credentials_destroy",
      "each": "list",
      "provider": "provider.null",
      "instances": []
    },
    {
      "module": "module.gke.module.gcloud_wait_for_cluster",
      "mode": "managed",
      "type": "null_resource",
      "name": "gcloud_auth_service_account_key_file",
      "each": "list",
      "provider": "provider.null",
      "instances": []
    },
    {
      "module": "module.gke.module.gcloud_delete_default_kube_dns_configmap",
      "mode": "managed",
      "type": "null_resource",
      "name": "gcloud_auth_service_account_key_file",
      "each": "list",
      "provider": "provider.null",
      "instances": []
    },
    {
      "module": "module.gke.module.gcloud_wait_for_cluster",
      "mode": "managed",
      "type": "null_resource",
      "name": "gcloud_auth_service_account_key_file_destroy",
      "each": "list",
      "provider": "provider.null",
      "instances": []
    },
    {
      "module": "module.gke.module.gcloud_delete_default_kube_dns_configmap",
      "mode": "managed",
      "type": "null_resource",
      "name": "gcloud_auth_service_account_key_file_destroy",
      "each": "list",
      "provider": "provider.null",
      "instances": []
    },
    {
      "mode": "managed",
      "type": "null_resource",
      "name": "install_kubectl_v3",
      "provider": "provider.null",
      "instances": [
        {
          "schema_version": 0,
          "attributes": {
            "id": "1968245782712573512",
            "triggers": null
          },
          "private": "bnVsbA=="
        }
      ]
    },
    {
      "module": "module.gke.module.gcloud_wait_for_cluster",
      "mode": "managed",
      "type": "null_resource",
      "name": "module_depends_on",
      "each": "list",
      "provider": "provider.null",
      "instances": [
        {
          "index_key": 0,
          "schema_version": 0,
          "attributes": {
            "id": "2010558833662468537",
            "triggers": {
              "value": "2"
            }
          },
          "dependencies": [
            "module.gke.google_container_cluster.primary",
            "module.gke.google_container_node_pool.pools",
            "module.gke.google_service_account.cluster_service_account",
            "module.gke.random_shuffle.available_zones",
            "module.gke.random_string.cluster_service_account_suffix"
          ]
        }
      ]
    },
    {
      "module": "module.gke.module.gcloud_delete_default_kube_dns_configmap",
      "mode": "managed",
      "type": "null_resource",
      "name": "module_depends_on",
      "each": "list",
      "provider": "provider.null",
      "instances": [
        {
          "index_key": 0,
          "schema_version": 0,
          "attributes": {
            "id": "6641198970856036278",
            "triggers": {
              "value": "3"
            }
          },
          "dependencies": [
            "module.gke.google_container_cluster.primary",
            "module.gke.google_container_node_pool.pools",
            "module.gke.google_service_account.cluster_service_account",
            "module.gke.random_shuffle.available_zones",
            "module.gke.random_string.cluster_service_account_suffix"
          ]
        }
      ]
    },
    {
      "module": "module.gke.module.gcloud_wait_for_cluster",
      "mode": "managed",
      "type": "null_resource",
      "name": "prepare_cache",
      "each": "list",
      "provider": "provider.null",
      "instances": []
    },
    {
      "module": "module.gke.module.gcloud_delete_default_kube_dns_configmap",
      "mode": "managed",
      "type": "null_resource",
      "name": "prepare_cache",
      "each": "list",
      "provider": "provider.null",
      "instances": []
    },
    {
      "module": "module.gke.module.gcloud_wait_for_cluster",
      "mode": "managed",
      "type": "null_resource",
      "name": "run_command",
      "each": "list",
      "provider": "provider.null",
      "instances": []
    },
    {
      "module": "module.gke.module.gcloud_delete_default_kube_dns_configmap",
      "mode": "managed",
      "type": "null_resource",
      "name": "run_command",
      "each": "list",
      "provider": "provider.null",
      "instances": []
    },
    {
      "module": "module.gke.module.gcloud_wait_for_cluster",
      "mode": "managed",
      "type": "null_resource",
      "name": "upgrade",
      "each": "list",
      "provider": "provider.null",
      "instances": []
    },
    {
      "module": "module.gke.module.gcloud_delete_default_kube_dns_configmap",
      "mode": "managed",
      "type": "null_resource",
      "name": "upgrade",
      "each": "list",
      "provider": "provider.null",
      "instances": []
    },
    {
      "module": "module.gke.module.gcloud_wait_for_cluster",
      "mode": "managed",
      "type": "null_resource",
      "name": "upgrade_destroy",
      "each": "list",
      "provider": "provider.null",
      "instances": []
    },
    {
      "module": "module.gke.module.gcloud_delete_default_kube_dns_configmap",
      "mode": "managed",
      "type": "null_resource",
      "name": "upgrade_destroy",
      "each": "list",
      "provider": "provider.null",
      "instances": []
    },
    {
      "module": "module.gke.module.gcloud_wait_for_cluster",
      "mode": "managed",
      "type": "random_id",
      "name": "cache",
      "provider": "provider.random",
      "instances": [
        {
          "schema_version": 0,
          "attributes": {
            "b64": "V5iBeQ",
            "b64_std": "V5iBeQ==",
            "b64_url": "V5iBeQ",
            "byte_length": 4,
            "dec": "1469612409",
            "hex": "57988179",
            "id": "V5iBeQ",
            "keepers": null,
            "prefix": null
          },
          "private": "bnVsbA=="
        }
      ]
    },
    {
      "module": "module.gke.module.gcloud_delete_default_kube_dns_configmap",
      "mode": "managed",
      "type": "random_id",
      "name": "cache",
      "provider": "provider.random",
      "instances": [
        {
          "schema_version": 0,
          "attributes": {
            "b64": "wg7jPA",
            "b64_std": "wg7jPA==",
            "b64_url": "wg7jPA",
            "byte_length": 4,
            "dec": "3255755580",
            "hex": "c20ee33c",
            "id": "wg7jPA",
            "keepers": null,
            "prefix": null
          },
          "private": "bnVsbA=="
        }
      ]
    },
    {
      "module": "module.gke",
      "mode": "managed",
      "type": "random_shuffle",
      "name": "available_zones",
      "provider": "provider.random",
      "instances": [
        {
          "schema_version": 0,
          "attributes": {
            "id": "-",
            "input": [
              "us-east1-b",
              "us-east1-c",
              "us-east1-d"
            ],
            "keepers": null,
            "result": [
              "us-east1-c",
              "us-east1-d",
              "us-east1-b"
            ],
            "result_count": 3,
            "seed": null
          },
          "private": "bnVsbA=="
        }
      ]
    },
    {
      "module": "module.gke",
      "mode": "managed",
      "type": "random_string",
      "name": "cluster_service_account_suffix",
      "provider": "provider.random",
      "instances": [
        {
          "schema_version": 1,
          "attributes": {
            "id": "3xvl",
            "keepers": null,
            "length": 4,
            "lower": true,
            "min_lower": 0,
            "min_numeric": 0,
            "min_special": 0,
            "min_upper": 0,
            "number": true,
            "override_special": null,
            "result": "3xvl",
            "special": false,
            "upper": false
          },
          "private": "eyJzY2hlbWFfdmVyc2lvbiI6IjEifQ=="
        }
      ]
    }
  ]
}
